
Microsoft Visual Studio Solution File, Format Version 12.00
# Visual Studio Version 17
VisualStudioVersion = 17.7.34018.315
MinimumVisualStudioVersion = 10.0.40219.1
Project("{FAE04EC0-301F-11D3-BF4B-00C04F79EFBC}") = "WinFormsApp1", "WinFormsApp1\WinFormsApp1.csproj", "{734E4A41-B099-49BC-B850-CEE20CE524FA}"
EndProject
Global
	GlobalSection(SolutionConfigurationPlatforms) = preSolution
		Debug|Any CPU = Debug|Any CPU
		Release|Any CPU = Release|Any CPU
	EndGlobalSection
	GlobalSection(ProjectConfigurationPlatforms) = postSolution
		{734E4A41-B099-49BC-B850-CEE20CE524FA}.Debug|Any CPU.ActiveCfg = Debug|Any CPU
		{734E4A41-B099-49BC-B850-CEE20CE524FA}.Debug|Any CPU.Build.0 = Debug|Any CPU
		{734E4A41-B099-49BC-B850-CEE20CE524FA}.Release|Any CPU.ActiveCfg = Release|Any CPU
		{734E4A41-B099-49BC-B850-CEE20CE524FA}.Release|Any CPU.Build.0 = Release|Any CPU
	EndGlobalSection
	GlobalSection(SolutionProperties) = preSolution
		HideSolutionNode = FALSE
	EndGlobalSection
	GlobalSection(ExtensibilityGlobals) = postSolution
		SolutionGuid = {F825E665-6C70-4240-9851-681D4FB94429}
	EndGlobalSection
EndGlobal
